
Microsoft Visual Studio Solution File, Format Version 11.00
# Visual Web Developer Express 2010
Project("{FAE04EC0-301F-11D3-BF4B-00C04F79EFBC}") = "WIASchool", "WIASchool\WIASchool.csproj", "{28280032-C6E6-4C08-8363-A13624CB1B8B}"
EndProject
Global
	GlobalSection(SolutionConfigurationPlatforms) = preSolution
		Debug|Any CPU = Debug|Any CPU
		Release|Any CPU = Release|Any CPU
	EndGlobalSection
	GlobalSection(ProjectConfigurationPlatforms) = postSolution
		{28280032-C6E6-4C08-8363-A13624CB1B8B}.Debug|Any CPU.ActiveCfg = Debug|Any CPU
		{28280032-C6E6-4C08-8363-A13624CB1B8B}.Debug|Any CPU.Build.0 = Debug|Any CPU
		{28280032-C6E6-4C08-8363-A13624CB1B8B}.Release|Any CPU.ActiveCfg = Release|Any CPU
		{28280032-C6E6-4C08-8363-A13624CB1B8B}.Release|Any CPU.Build.0 = Release|Any CPU
	EndGlobalSection
	GlobalSection(SolutionProperties) = preSolution
		HideSolutionNode = FALSE
	EndGlobalSection
EndGlobal
